Microsoft Visual Studio Solution File, Format Version 12.00
# Visual Studio 2012
Project("{FAE04EC0-301F-11D3-BF4B-00C04F79EFBC}") = "Pirate Game Jam 16 Weaponizer", "Pirate Game Jam 16 Weaponizer.csproj", "{B67A3EDE-1042-4429-BB97-5B9CE0E90BA2}"
EndProject
Global
	GlobalSection(SolutionConfigurationPlatforms) = preSolution
	Debug|Any CPU = Debug|Any CPU
	ExportDebug|Any CPU = ExportDebug|Any CPU
	ExportRelease|Any CPU = ExportRelease|Any CPU
	EndGlobalSection
	GlobalSection(ProjectConfigurationPlatforms) = postSolution
		{B67A3EDE-1042-4429-BB97-5B9CE0E90BA2}.Debug|Any CPU.ActiveCfg = Debug|Any CPU
		{B67A3EDE-1042-4429-BB97-5B9CE0E90BA2}.Debug|Any CPU.Build.0 = Debug|Any CPU
		{B67A3EDE-1042-4429-BB97-5B9CE0E90BA2}.ExportDebug|Any CPU.ActiveCfg = ExportDebug|Any CPU
		{B67A3EDE-1042-4429-BB97-5B9CE0E90BA2}.ExportDebug|Any CPU.Build.0 = ExportDebug|Any CPU
		{B67A3EDE-1042-4429-BB97-5B9CE0E90BA2}.ExportRelease|Any CPU.ActiveCfg = ExportRelease|Any CPU
		{B67A3EDE-1042-4429-BB97-5B9CE0E90BA2}.ExportRelease|Any CPU.Build.0 = ExportRelease|Any CPU
	EndGlobalSection
EndGlobal
